
Microsoft Visual Studio Solution File, Format Version 12.00
# Visual Studio Version 17
VisualStudioVersion = 17.9.34701.34
MinimumVisualStudioVersion = 10.0.40219.1
Project("{FAE04EC0-301F-11D3-BF4B-00C04F79EFBC}") = "exercicio_lista", "exercicio_lista\exercicio_lista.csproj", "{484C2E72-CF6B-45CF-9887-2D6487F64AFE}"
EndProject
Global
	GlobalSection(SolutionConfigurationPlatforms) = preSolution
		Debug|Any CPU = Debug|Any CPU
		Release|Any CPU = Release|Any CPU
	EndGlobalSection
	GlobalSection(ProjectConfigurationPlatforms) = postSolution
		{484C2E72-CF6B-45CF-9887-2D6487F64AFE}.Debug|Any CPU.ActiveCfg = Debug|Any CPU
		{484C2E72-CF6B-45CF-9887-2D6487F64AFE}.Debug|Any CPU.Build.0 = Debug|Any CPU
		{484C2E72-CF6B-45CF-9887-2D6487F64AFE}.Release|Any CPU.ActiveCfg = Release|Any CPU
		{484C2E72-CF6B-45CF-9887-2D6487F64AFE}.Release|Any CPU.Build.0 = Release|Any CPU
	EndGlobalSection
	GlobalSection(SolutionProperties) = preSolution
		HideSolutionNode = FALSE
	EndGlobalSection
	GlobalSection(ExtensibilityGlobals) = postSolution
		SolutionGuid = {6E1B6F97-6C37-4AA0-98F2-E57B576686BF}
	EndGlobalSection
EndGlobal
